
Microsoft Visual Studio Solution File, Format Version 12.00
# Visual Studio Version 17
VisualStudioVersion = 17.8.34601.278
MinimumVisualStudioVersion = 10.0.40219.1
Project("{8BC9CEB8-8B4A-11D0-8D11-00A0C91BC942}") = "Doer", "Doer.vcxproj", "{E49773C6-69BA-49FB-A43F-62CEB449F271}"
EndProject
Global
	GlobalSection(SolutionConfigurationPlatforms) = preSolution
		Debug|x64 = Debug|x64
		Debug|x86 = Debug|x86
		Release|x64 = Release|x64
		Release|x86 = Release|x86
	EndGlobalSection
	GlobalSection(ProjectConfigurationPlatforms) = postSolution
		{E49773C6-69BA-49FB-A43F-62CEB449F271}.Debug|x64.ActiveCfg = Debug|x64
		{E49773C6-69BA-49FB-A43F-62CEB449F271}.Debug|x64.Build.0 = Debug|x64
		{E49773C6-69BA-49FB-A43F-62CEB449F271}.Debug|x86.ActiveCfg = Debug|Win32
		{E49773C6-69BA-49FB-A43F-62CEB449F271}.Debug|x86.Build.0 = Debug|Win32
		{E49773C6-69BA-49FB-A43F-62CEB449F271}.Release|x64.ActiveCfg = Release|x64
		{E49773C6-69BA-49FB-A43F-62CEB449F271}.Release|x64.Build.0 = Release|x64
		{E49773C6-69BA-49FB-A43F-62CEB449F271}.Release|x86.ActiveCfg = Release|Win32
		{E49773C6-69BA-49FB-A43F-62CEB449F271}.Release|x86.Build.0 = Release|Win32
	EndGlobalSection
	GlobalSection(SolutionProperties) = preSolution
		HideSolutionNode = FALSE
	EndGlobalSection
	GlobalSection(ExtensibilityGlobals) = postSolution
		SolutionGuid = {6526633B-E69A-4615-8197-9B2259903E0A}
	EndGlobalSection
EndGlobal
